
Microsoft Visual Studio Solution File, Format Version 12.00
# Visual Studio Version 16
VisualStudioVersion = 16.0.31613.86
MinimumVisualStudioVersion = 10.0.40219.1
Project("{FAE04EC0-301F-11D3-BF4B-00C04F79EFBC}") = "RandomQuotesPage", "RandomQuotesPage\RandomQuotesPage.csproj", "{C2DBEBEE-7B85-43FB-8021-B2F29F715665}"
EndProject
Global
	GlobalSection(SolutionConfigurationPlatforms) = preSolution
		Debug|Any CPU = Debug|Any CPU
		Release|Any CPU = Release|Any CPU
	EndGlobalSection
	GlobalSection(ProjectConfigurationPlatforms) = postSolution
		{C2DBEBEE-7B85-43FB-8021-B2F29F715665}.Debug|Any CPU.ActiveCfg = Debug|Any CPU
		{C2DBEBEE-7B85-43FB-8021-B2F29F715665}.Debug|Any CPU.Build.0 = Debug|Any CPU
		{C2DBEBEE-7B85-43FB-8021-B2F29F715665}.Release|Any CPU.ActiveCfg = Release|Any CPU
		{C2DBEBEE-7B85-43FB-8021-B2F29F715665}.Release|Any CPU.Build.0 = Release|Any CPU
	EndGlobalSection
	GlobalSection(SolutionProperties) = preSolution
		HideSolutionNode = FALSE
	EndGlobalSection
	GlobalSection(ExtensibilityGlobals) = postSolution
		SolutionGuid = {A4543085-8CD4-410A-A362-08843FA35286}
	EndGlobalSection
EndGlobal
